{
  "projects": [
    {
      "projectId": "qnDjPsrWLZG8APk5UgXZ4Q",
      "version": "0.0.1",
      "dependencies": {},
      "lang": "ts",
      "fileLocks": [
        {
          "assetId": "qnDjPsrWLZG8APk5UgXZ4Q",
          "type": "projectCss",
          "checksum": "e1ec850476829c38b0f9b6d4f7ac446a"
        }
      ],
      "codegenVersion": "0.0.1"
    },
    {
      "projectId": "rJmrvZ8rTbZpYCx9aXq6iH",
      "version": "0.0.1",
      "dependencies": {},
      "lang": "ts",
      "fileLocks": [
        {
          "assetId": "rJmrvZ8rTbZpYCx9aXq6iH",
          "type": "projectCss",
          "checksum": "fd83b730367fdbde2c69bc6cf31c2a3c"
        },
        {
          "assetId": "rJmrvZ8rTbZpYCx9aXq6iH",
          "checksum": "2fe1c6e4d75c801bf1afa89363305d67",
          "type": "globalContexts"
        }
      ],
      "codegenVersion": "0.0.1"
    },
    {
      "projectId": "iJhKQQ71R9m8NWP3m4kYC9",
      "version": "0.0.1",
      "dependencies": {},
      "lang": "ts",
      "fileLocks": [
        {
          "assetId": "iJhKQQ71R9m8NWP3m4kYC9",
          "type": "projectCss",
          "checksum": "e1ec850476829c38b0f9b6d4f7ac446a"
        }
      ],
      "codegenVersion": "0.0.1"
    },
    {
      "projectId": "pCG4GgcXNZ66yjMGiq1R9h",
      "version": "0.0.1",
      "dependencies": {},
      "lang": "ts",
      "fileLocks": [
        {
          "assetId": "pCG4GgcXNZ66yjMGiq1R9h",
          "type": "projectCss",
          "checksum": "e1ec850476829c38b0f9b6d4f7ac446a"
        },
        {
          "assetId": "pCG4GgcXNZ66yjMGiq1R9h",
          "checksum": "f31db0b4cd177530d4c70c0a8b543616",
          "type": "globalContexts"
        }
      ],
      "codegenVersion": "0.0.1"
    },
    {
      "projectId": "k64V3t4m9vVY4M7svFXS8x",
      "version": "0.0.1",
      "dependencies": {},
      "lang": "ts",
      "fileLocks": [
        {
          "assetId": "k64V3t4m9vVY4M7svFXS8x",
          "type": "projectCss",
          "checksum": "1b891cf9539f1db972dc4163ae1172e9"
        }
      ],
      "codegenVersion": "0.0.1"
    },
    {
      "projectId": "e2GgHvNkZGeWD3TYfD2fCA",
      "version": "latest",
      "dependencies": {
        "k64V3t4m9vVY4M7svFXS8x": "0.0.1",
        "pCG4GgcXNZ66yjMGiq1R9h": "0.0.1",
        "iJhKQQ71R9m8NWP3m4kYC9": "0.0.1",
        "rJmrvZ8rTbZpYCx9aXq6iH": "0.0.1",
        "qnDjPsrWLZG8APk5UgXZ4Q": "0.0.1"
      },
      "lang": "ts",
      "fileLocks": [
        {
          "type": "globalVariant",
          "assetId": "pL2E2q-3I59m",
          "checksum": "e7c88a0544548a878063e77b6c4484e7"
        },
        {
          "assetId": "e2GgHvNkZGeWD3TYfD2fCA",
          "checksum": "c43bc066726b97e851946286eee61407",
          "type": "globalContexts"
        },
        {
          "type": "renderModule",
          "assetId": "99XLhnai4qRl",
          "checksum": "bc81f1f3fb6970929d42895e14e2e3cc"
        },
        {
          "type": "cssRules",
          "assetId": "99XLhnai4qRl",
          "checksum": "bc81f1f3fb6970929d42895e14e2e3cc"
        },
        {
          "type": "renderModule",
          "assetId": "X6N1m0i3iM_P",
          "checksum": "c6efdd418aaabe87519f7d0ff3654efb"
        },
        {
          "type": "cssRules",
          "assetId": "X6N1m0i3iM_P",
          "checksum": "c6efdd418aaabe87519f7d0ff3654efb"
        },
        {
          "type": "renderModule",
          "assetId": "EVsuyY9hL0ZI",
          "checksum": "654f740ff26506579bef6893ab291d2c"
        },
        {
          "type": "cssRules",
          "assetId": "EVsuyY9hL0ZI",
          "checksum": "654f740ff26506579bef6893ab291d2c"
        },
        {
          "type": "renderModule",
          "assetId": "EnYmsiK_5pqc",
          "checksum": "a39f7543ae115638979d637d216f839c"
        },
        {
          "type": "cssRules",
          "assetId": "EnYmsiK_5pqc",
          "checksum": "a39f7543ae115638979d637d216f839c"
        },
        {
          "type": "renderModule",
          "assetId": "G2GGIYpwvUdd",
          "checksum": "b9578c577acddf947a9d6aa52a7dcb1e"
        },
        {
          "type": "cssRules",
          "assetId": "G2GGIYpwvUdd",
          "checksum": "b9578c577acddf947a9d6aa52a7dcb1e"
        },
        {
          "type": "renderModule",
          "assetId": "bmhbYNC1aV1C",
          "checksum": "c132522df40f6bcee249e57dba7ed4d5"
        },
        {
          "type": "cssRules",
          "assetId": "bmhbYNC1aV1C",
          "checksum": "c132522df40f6bcee249e57dba7ed4d5"
        },
        {
          "type": "renderModule",
          "assetId": "5i9UjzRxP03z",
          "checksum": "89bb74fdfa5c293e90ce7a4eae98e291"
        },
        {
          "type": "cssRules",
          "assetId": "5i9UjzRxP03z",
          "checksum": "89bb74fdfa5c293e90ce7a4eae98e291"
        },
        {
          "type": "renderModule",
          "assetId": "ZnnaFHEfrleH",
          "checksum": "d8c41ff1f4384598d1efd6248ad72c21"
        },
        {
          "type": "cssRules",
          "assetId": "ZnnaFHEfrleH",
          "checksum": "d8c41ff1f4384598d1efd6248ad72c21"
        },
        {
          "type": "renderModule",
          "assetId": "x0NLdDxRR6oe",
          "checksum": "e9a55a1c23605536949cff1783cbf5df"
        },
        {
          "type": "cssRules",
          "assetId": "x0NLdDxRR6oe",
          "checksum": "e9a55a1c23605536949cff1783cbf5df"
        },
        {
          "type": "renderModule",
          "assetId": "I7BDgErR9EQD",
          "checksum": "e158297d07e623236c6ae2a041f62206"
        },
        {
          "type": "cssRules",
          "assetId": "I7BDgErR9EQD",
          "checksum": "e158297d07e623236c6ae2a041f62206"
        },
        {
          "type": "renderModule",
          "assetId": "0SFtkzjPjaa7",
          "checksum": "05d92488d1d02205f5868b30c198c76d"
        },
        {
          "type": "cssRules",
          "assetId": "0SFtkzjPjaa7",
          "checksum": "05d92488d1d02205f5868b30c198c76d"
        },
        {
          "type": "renderModule",
          "assetId": "kg18ETAxZax3",
          "checksum": "2a4ff6657041d3a424ae05ccbc6b4de3"
        },
        {
          "type": "cssRules",
          "assetId": "kg18ETAxZax3",
          "checksum": "2a4ff6657041d3a424ae05ccbc6b4de3"
        },
        {
          "type": "renderModule",
          "assetId": "bEMy_qeiA4vj",
          "checksum": "a073527086513d106f3c4a33bf5cddb3"
        },
        {
          "type": "cssRules",
          "assetId": "bEMy_qeiA4vj",
          "checksum": "a073527086513d106f3c4a33bf5cddb3"
        },
        {
          "type": "renderModule",
          "assetId": "PLLQt4_FpBqa",
          "checksum": "828e61b02c541c9933cd46250fe03aa6"
        },
        {
          "type": "cssRules",
          "assetId": "PLLQt4_FpBqa",
          "checksum": "828e61b02c541c9933cd46250fe03aa6"
        },
        {
          "type": "renderModule",
          "assetId": "QrEvJ0umU1-4",
          "checksum": "e7e9cd39a173fe11740abfdd476a5826"
        },
        {
          "type": "cssRules",
          "assetId": "QrEvJ0umU1-4",
          "checksum": "e7e9cd39a173fe11740abfdd476a5826"
        },
        {
          "type": "renderModule",
          "assetId": "gRwBwfK17Zs6",
          "checksum": "7223c0331489d3d8f311f56ff980a558"
        },
        {
          "type": "cssRules",
          "assetId": "gRwBwfK17Zs6",
          "checksum": "7223c0331489d3d8f311f56ff980a558"
        },
        {
          "type": "icon",
          "assetId": "z39WBW-ZOeZp",
          "checksum": "75e63e9203ba33afefa005b4b0375ce7"
        },
        {
          "type": "icon",
          "assetId": "Rj3-GR60VACs",
          "checksum": "675cc8efd1c4585e461f144cf5ce9b1b"
        },
        {
          "type": "icon",
          "assetId": "f_dhCgafprL5",
          "checksum": "111370c539bec4e908b35ed1e1c5637f"
        },
        {
          "type": "icon",
          "assetId": "TxUEHziDkPd3",
          "checksum": "e19272cf45edddefe7f98d9e0f66d549"
        },
        {
          "type": "icon",
          "assetId": "7vlAIjggKbRC",
          "checksum": "a9da26ff5dda25b7737c918f4b58b9bb"
        },
        {
          "type": "icon",
          "assetId": "-lLWdl9AXjam",
          "checksum": "3b06c4824ffd40599243d16a78eadd27"
        },
        {
          "type": "icon",
          "assetId": "XkeyEzCFPe9L",
          "checksum": "63b5b189fb352512ca6e93a3e42d21c8"
        },
        {
          "type": "icon",
          "assetId": "IRZcNpq7HLJd",
          "checksum": "ee0d1c6e4751f096560ffb0b4c6af28f"
        },
        {
          "type": "icon",
          "assetId": "my-Br3gGNOMM",
          "checksum": "f951d60e12c52915d64df6de9f6bcb92"
        },
        {
          "type": "icon",
          "assetId": "HqJ-VM8Sxwat",
          "checksum": "08002eba56d372b778581c3e6ea05ead"
        },
        {
          "type": "icon",
          "assetId": "18unQJZ4NKQ_",
          "checksum": "3051fc0caaff359e2e253c61af6a2673"
        },
        {
          "type": "icon",
          "assetId": "Nk3q-xkbyufP",
          "checksum": "7db968d60f4a90b508576883c5439731"
        },
        {
          "type": "icon",
          "assetId": "j3_mWUZUp-5P",
          "checksum": "a650ddf0aa7fd1962e0f31bea110a522"
        },
        {
          "type": "icon",
          "assetId": "bFDFyn1s7LWC",
          "checksum": "462cc137f6d3581e9e1bcd48e97e8174"
        },
        {
          "type": "icon",
          "assetId": "9nutBP_7pekw",
          "checksum": "da32ae2cb556032532fefdd21afe44f6"
        },
        {
          "type": "icon",
          "assetId": "Pp3828vcneee",
          "checksum": "90a0f26cd75325ed7d6d3c6f749cc482"
        },
        {
          "type": "icon",
          "assetId": "uG6fKZvb3BtQ",
          "checksum": "2c307dfb6aa45d5e2897c8c431dcdeff"
        },
        {
          "type": "icon",
          "assetId": "FSx3nEqjDN8j",
          "checksum": "d3b364d5a0e391baac05d03e90ae524b"
        },
        {
          "type": "icon",
          "assetId": "8CxJSYuVkk19",
          "checksum": "d77063e7d7180306d01cdd191e57ddf3"
        },
        {
          "type": "icon",
          "assetId": "VjZWDYhx-GMJ",
          "checksum": "5b1833a8a60effedb9702e10f75cb8ac"
        },
        {
          "type": "image",
          "assetId": "ghJJjyRMEaoQ",
          "checksum": "2adc1703947b6dfd525962dfd4ec5f29"
        },
        {
          "type": "image",
          "assetId": "yqMf9DyeXyqR",
          "checksum": "0d1bf17f5feaeeaf1df39095d56b8243"
        },
        {
          "type": "image",
          "assetId": "LHzkr6nZbGpo",
          "checksum": "8796e142be180b6150f05de737e30648"
        },
        {
          "type": "image",
          "assetId": "h3yQF7NvSfI-",
          "checksum": "e3c47dacf19be55537477083d4ad1a0b"
        },
        {
          "type": "image",
          "assetId": "T8-9EkXV-IkQ",
          "checksum": "39e8ab66007308b37dff61e54df02c10"
        },
        {
          "type": "image",
          "assetId": "Tfr6ZOpJZbyC",
          "checksum": "8c9dd3ef094d762d54129de3e0971c86"
        },
        {
          "type": "image",
          "assetId": "T8Ag36YdyAUW",
          "checksum": "938fe4b31ff8902a26a54e909c7fdd94"
        },
        {
          "type": "image",
          "assetId": "vWR7ZMN6CXLV",
          "checksum": "d0cb2a744292ce62c90758dae2b30f6a"
        },
        {
          "type": "image",
          "assetId": "xFdVq15VUO_4",
          "checksum": "0e6eda897fdda697f1654880c78df44e"
        },
        {
          "type": "image",
          "assetId": "wOOfQ8t6yXam",
          "checksum": "9e13f490b45d3c316ab419d54dbf5525"
        },
        {
          "type": "image",
          "assetId": "AR2LC9tsSoY-",
          "checksum": "23d8d754516f8ff3afd4c729011ccb64"
        },
        {
          "type": "image",
          "assetId": "YeF8AX-M0jzh",
          "checksum": "0f6c39d48ff1046a5aabf8cdc90cc87a"
        },
        {
          "type": "image",
          "assetId": "0hZ589iXO-VX",
          "checksum": "5d38273a80899bd4541714dbc747ce9f"
        },
        {
          "type": "image",
          "assetId": "sPXhEtzFEvVy",
          "checksum": "fb084c4f0425b5e6f54dfc05762c4dc9"
        },
        {
          "type": "image",
          "assetId": "FnZwGwHPME1G",
          "checksum": "5b5eaa4c8c05bcc4caff7efa76d2e08e"
        },
        {
          "type": "image",
          "assetId": "BeOnXBxtfM8f",
          "checksum": "f12fc65f9cf47c4c37e00cc0f9e6957f"
        },
        {
          "type": "image",
          "assetId": "S3ITBDbzD05l",
          "checksum": "cf238acf10c22d777653aec60c4a8d63"
        },
        {
          "type": "image",
          "assetId": "dtGPqFTqPDVk",
          "checksum": "19d6738d7257b0602c7e9af30008ccac"
        },
        {
          "type": "image",
          "assetId": "mjS2jGL1_Ogc",
          "checksum": "2e0f8c371045f1066a08b330705bc173"
        },
        {
          "type": "image",
          "assetId": "MOKcHEcleOJo",
          "checksum": "0a948a76bf5f897cc4e7c9776264584d"
        },
        {
          "type": "image",
          "assetId": "K_oWx0lJeGxJ",
          "checksum": "db4fa451e4bf15d6b225fb05eb4e6418"
        },
        {
          "type": "image",
          "assetId": "rKTcYd_KYR6V",
          "checksum": "51e834babd9ab23e4371437b2c1f98e1"
        },
        {
          "type": "image",
          "assetId": "m7zJgjJYCm4p",
          "checksum": "446062deb43f4eaf29ed80d896270120"
        },
        {
          "type": "image",
          "assetId": "tIEZlGQK3IwA",
          "checksum": "34b81512aa96e718b8f057455de81ebf"
        },
        {
          "type": "image",
          "assetId": "IyblYAkW24sp",
          "checksum": "3865eb28492864fc7dc201a4516a0717"
        },
        {
          "type": "image",
          "assetId": "i7FFxiRpvNdq",
          "checksum": "545d70bcca82897f0dc393e6a254838e"
        },
        {
          "assetId": "e2GgHvNkZGeWD3TYfD2fCA",
          "type": "projectCss",
          "checksum": "eabf6c92ba76ee069e670bf68c888e62"
        }
      ],
      "codegenVersion": "0.0.1"
    }
  ],
  "cliVersion": "0.1.330"
}
